{
  "name": "chateau",
  "version": "1.0.0",
  "lockfileVersion": 2,
  "requires": true,
  "packages": {
    "": {
      "name": "chateau",
      "version": "1.0.0",
      "license": "ISC",
      "dependencies": {
        "client": "^0.0.1"
      }
    },
    "node_modules/after": {
      "version": "0.8.1",
      "resolved": "https://registry.npmjs.org/after/-/after-0.8.1.tgz",
      "integrity": "sha512-SuI3vWhCFeSmkmmJ3efyuOkrhGyp/AuHthh3F5DinGYh2kR9t/0xUlm3/Vn2qMScfgg+cKho5fW7TUEYUhYeiA=="
    },
    "node_modules/arraybuffer.slice": {
      "version": "0.0.6",
      "resolved": "https://registry.npmjs.org/arraybuffer.slice/-/arraybuffer.slice-0.0.6.tgz",
      "integrity": "sha512-6ZjfQaBSy6CuIH0+B0NrxMfDE5VIOCP/5gOqSpEIsaAZx9/giszzrXg6PZ7G51U/n88UmlAgYLNQ9wAnII7PJA=="
    },
    "node_modules/async": {
      "version": "0.2.10",
      "resolved": "https://registry.npmjs.org/async/-/async-0.2.10.tgz",
      "integrity": "sha512-eAkdoKxU6/LkKDBzLpT+t6Ff5EtfSF4wx1WfJiPEEV7WNLnDaRXk0oVysiEPm262roaachGexwUv94WhSgN5TQ=="
    },
    "node_modules/aws-sign": {
      "version": "0.2.0",
      "resolved": "https://registry.npmjs.org/aws-sign/-/aws-sign-0.2.0.tgz",
      "integrity": "sha512-6P7/Ls5F6++DsKu7iacris7qq/AZSWaX+gT4dtSyUxM82ePxWxaP7Slo82ZO3ZTx6GSKxQHAQlmFvM8e+Dd8ZA==",
      "engines": {
        "node": "*"
      }
    },
    "node_modules/backoff": {
      "version": "2.5.0",
      "resolved": "https://registry.npmjs.org/backoff/-/backoff-2.5.0.tgz",
      "integrity": "sha512-wC5ihrnUXmR2douXmXLCe5O3zg3GKIyvRi/hi58a/XyRxVI+3/yM0PYueQOZXPXQ9pxBislYkw+sF9b7C/RuMA==",
      "dependencies": {
        "precond": "0.2"
      },
      "engines": {
        "node": ">= 0.6"
      }
    },
    "node_modules/base64-arraybuffer": {
      "version": "0.1.2",
      "resolved": "https://registry.npmjs.org/base64-arraybuffer/-/base64-arraybuffer-0.1.2.tgz",
      "integrity": "sha512-ewBKKVVPIl78B26mYQHYlaxR7NydMiD/GxwLNIwTAfLIE4xhN2Gxcy30//azq5UrejXjzGpWjcBu3NUJxzMMzg==",
      "engines": {
        "node": ">= 0.6.0"
      }
    },
    "node_modules/better-assert": {
      "version": "1.0.2",
      "resolved": "https://registry.npmjs.org/better-assert/-/better-assert-1.0.2.tgz",
      "integrity": "sha512-bYeph2DFlpK1XmGs6fvlLRUN29QISM3GBuUwSFsMY2XRx4AvC0WNCS57j4c/xGrK2RS24C1w3YoBOsw9fT46tQ==",
      "dependencies": {
        "callsite": "1.0.0"
      },
      "engines": {
        "node": "*"
      }
    },
    "node_modules/blob": {
      "version": "0.0.2",
      "resolved": "https://registry.npmjs.org/blob/-/blob-0.0.2.tgz",
      "integrity": "sha512-BoCcDt8zBGShn6DawAGQw37s9SSs+fEjiZWDzyB+841PbOogcR2X7LGlM4sR3Zsiq/zoyl8MFWDfN6oDSlveBQ=="
    },
    "node_modules/boom": {
      "version": "0.3.1",
      "resolved": "https://registry.npmjs.org/boom/-/boom-0.3.1.tgz",
      "integrity": "sha512-xWrlXnkK46TjEW7HU5G39AXWuG5aiHz3++zk3bBzF4mfnVCkpcYbwsnLUqMmfZNgPEYS/AI8MH+vmJxH5Kz0PA==",
      "deprecated": "This version has been deprecated in accordance with the hapi support policy (hapi.im/support). Please upgrade to the latest version to get the best features, bug fixes, and security patches. If you are unable to upgrade at this time, paid support is available for older versions (hapi.im/commercial).",
      "dependencies": {
        "hoek": "0.4.x"
      },
      "engines": {
        "node": ">=0.8.0"
      }
    },
    "node_modules/boom/node_modules/hoek": {
      "version": "0.4.2",
      "resolved": "https://registry.npmjs.org/hoek/-/hoek-0.4.2.tgz",
      "integrity": "sha512-Yj/N2TCrS0d8jvZgUpq9sDNt8/ABwTxPJW4+8QT0KXCMxOtRfUCUTEZEYyvMSgfDT3MGvwgO+NHfWPobagAIug==",
      "deprecated": "This version has been deprecated in accordance with the hapi support policy (hapi.im/support). Please upgrade to the latest version to get the best features, bug fixes, and security patches. If you are unable to upgrade at this time, paid support is available for older versions (hapi.im/commercial).",
      "engines": {
        "node": ">=0.8.0"
      }
    },
    "node_modules/callsite": {
      "version": "1.0.0",
      "resolved": "https://registry.npmjs.org/callsite/-/callsite-1.0.0.tgz",
      "integrity": "sha512-0vdNRFXn5q+dtOqjfFtmtlI9N2eVZ7LMyEV2iKC5mEEFvSg/69Ml6b/WU2qF8W1nLRa0wiSrDT3Y5jOHZCwKPQ==",
      "engines": {
        "node": "*"
      }
    },
    "node_modules/client": {
      "version": "0.0.1",
      "resolved": "https://registry.npmjs.org/client/-/client-0.0.1.tgz",
      "integrity": "sha512-XjoueeoiUNMrH0BGD/joA1RNxhzw5aGhRo15MmdPDV6RWCcUeKRBXrcH1qJNTepOxDwLAZbyLy0Owvw3V9jYxg==",
      "dependencies": {
        "backoff": "^2.4.0",
        "cookie": "^0.1.2",
        "getenv": "~0.3.0",
        "q": "~0.9.7",
        "restler": "~2.0.1",
        "socket.io-client": "~1.0.6",
        "underscore": "^1.6.0",
        "winston": "^0.7.3"
      },
      "engines": {
        "node": "*"
      }
    },
    "node_modules/colors": {
      "version": "0.6.2",
      "resolved": "https://registry.npmjs.org/colors/-/colors-0.6.2.tgz",
      "integrity": "sha512-OsSVtHK8Ir8r3+Fxw/b4jS1ZLPXkV6ZxDRJQzeD7qo0SqMXWrHDM71DgYzPMHY8SFJ0Ao+nNU2p1MmwdzKqPrw==",
      "engines": {
        "node": ">=0.1.90"
      }
    },
    "node_modules/combined-stream": {
      "version": "0.0.7",
      "resolved": "https://registry.npmjs.org/combined-stream/-/combined-stream-0.0.7.tgz",
      "integrity": "sha512-qfexlmLp9MyrkajQVyjEDb0Vj+KhRgR/rxLiVhaihlT+ZkX0lReqtH6Ack40CvMDERR4b5eFp3CreskpBs1Pig==",
      "dependencies": {
        "delayed-stream": "0.0.5"
      },
      "engines": {
        "node": ">= 0.8"
      }
    },
    "node_modules/commander": {
      "version": "0.6.1",
      "resolved": "https://registry.npmjs.org/commander/-/commander-0.6.1.tgz",
      "integrity": "sha512-0fLycpl1UMTGX257hRsu/arL/cUbcvQM4zMKwvLvzXtfdezIV4yotPS2dYtknF+NmEfWSoCEF6+hj9XLm/6hEw==",
      "engines": {
        "node": ">= 0.4.x"
      }
    },
    "node_modules/component-bind": {
      "version": "1.0.0",
      "resolved": "https://registry.npmjs.org/component-bind/-/component-bind-1.0.0.tgz",
      "integrity": "sha512-WZveuKPeKAG9qY+FkYDeADzdHyTYdIboXS59ixDeRJL5ZhxpqUnxSOwop4FQjMsiYm3/Or8cegVbpAHNA7pHxw=="
    },
    "node_modules/component-emitter": {
      "version": "1.1.2",
      "resolved": "https://registry.npmjs.org/component-emitter/-/component-emitter-1.1.2.tgz",
      "integrity": "sha512-YhIbp3PJiznERfjlIkK0ue4obZxt2S60+0W8z24ZymOHT8sHloOqWOqZRU2eN5OlY8U08VFsP02letcu26FilA=="
    },
    "node_modules/component-inherit": {
      "version": "0.0.3",
      "resolved": "https://registry.npmjs.org/component-inherit/-/component-inherit-0.0.3.tgz",
      "integrity": "sha512-w+LhYREhatpVqTESyGFg3NlP6Iu0kEKUHETY9GoZP/pQyW4mHFZuFWRUCIqVPZ36ueVLtoOEZaAqbCF2RDndaA=="
    },
    "node_modules/cookie": {
      "version": "0.1.5",
      "resolved": "https://registry.npmjs.org/cookie/-/cookie-0.1.5.tgz",
      "integrity": "sha512-/lhu+NGBI5pOLXILS07DrPXYX0QDD/ejVhbwoCUcLPBqMEK9b++f9rUhAlhLkcTz9mV6QSeD+w3cHJ96rMZaFQ==",
      "engines": {
        "node": ">= 0.6"
      }
    },
    "node_modules/cookie-jar": {
      "version": "0.2.0",
      "resolved": "https://registry.npmjs.org/cookie-jar/-/cookie-jar-0.2.0.tgz",
      "integrity": "sha512-yImk9AY90xjoUsN2fWHoIhVgveXqiZv7LDqUTZEzVBHyzfay8AjcJITUZpz2fTYLh6rnP+7GogiuRCo/5j2epg==",
      "engines": {
        "node": "*"
      }
    },
    "node_modules/cryptiles": {
      "version": "0.1.0",
      "resolved": "https://registry.npmjs.org/cryptiles/-/cryptiles-0.1.0.tgz",
      "integrity": "sha512-WiOGszxSaVHd8T4hlu5Xcqs2uUYxbvotBP171ag2pLPKSwSKeTJYnzd98/YWV3jQYk/rpMHa3r01cQfN8SZrHQ==",
      "deprecated": "This version has been deprecated in accordance with the hapi support policy (hapi.im/support). Please upgrade to the latest version to get the best features, bug fixes, and security patches. If you are unable to upgrade at this time, paid support is available for older versions (hapi.im/commercial).",
      "dependencies": {
        "boom": "0.3.x"
      },
      "engines": {
        "node": ">=0.8.0"
      }
    },
    "node_modules/cycle": {
      "version": "1.0.3",
      "resolved": "https://registry.npmjs.org/cycle/-/cycle-1.0.3.tgz",
      "integrity": "sha512-TVF6svNzeQCOpjCqsy0/CSy8VgObG3wXusJ73xW2GbG5rGx7lC8zxDSURicsXI2UsGdi2L0QNRCi745/wUDvsA==",
      "engines": {
        "node": ">=0.4.0"
      }
    },
    "node_modules/debug": {
      "version": "0.7.4",
      "resolved": "https://registry.npmjs.org/debug/-/debug-0.7.4.tgz",
      "integrity": "sha512-EohAb3+DSHSGx8carOSKJe8G0ayV5/i609OD0J2orCkuyae7SyZSz2aoLmQF2s0Pj5gITDebwPH7GFBlqOUQ1Q==",
      "engines": {
        "node": "*"
      }
    },
    "node_modules/delayed-stream": {
      "version": "0.0.5",
      "resolved": "https://registry.npmjs.org/delayed-stream/-/delayed-stream-0.0.5.tgz",
      "integrity": "sha512-v+7uBd1pqe5YtgPacIIbZ8HuHeLFVNe4mUEyFDXL6KiqzEykjbw+5mXZXpGFgNVasdL4jWKgaKIXrEHiynN1LA==",
      "engines": {
        "node": ">=0.4.0"
      }
    },
    "node_modules/emitter": {
      "version": "1.0.1",
      "resolved": "http://github.com/component/emitter/archive/1.0.1.tar.gz",
      "integrity": "sha512-k3Da+QreMb9waaGCHNAHox5QqxnZEYlQmvIVYwQibrI6OpIRyIIyFGgDV5dXRLr1AJ32JLqEh0VxQEq20dFskw==",
      "dependencies": {
        "indexof": "0.0.1"
      }
    },
    "node_modules/engine.io-client": {
      "version": "1.3.1",
      "resolved": "https://registry.npmjs.org/engine.io-client/-/engine.io-client-1.3.1.tgz",
      "integrity": "sha512-bTOZMqAe7HXhyA/2T7Fve04b/ZZruTHSOqa+yn8U4RFSyRAVPePjopOgJOUNciEfuXo1gx850P5LzaQU28/p3w==",
      "dependencies": {
        "component-emitter": "1.1.2",
        "component-inherit": "0.0.3",
        "debug": "0.7.4",
        "engine.io-parser": "1.0.6",
        "has-cors": "1.0.3",
        "indexof": "0.0.1",
        "parsejson": "0.0.1",
        "parseqs": "0.0.2",
        "parseuri": "0.0.2",
        "ws": "0.4.31",
        "xmlhttprequest": "https://github.com/LearnBoost/node-XMLHttpRequest/archive/0f36d0b5ebc03d85f860d42a64ae9791e1daa433.tar.gz"
      }
    },
    "node_modules/engine.io-parser": {
      "version": "1.0.6",
      "resolved": "https://registry.npmjs.org/engine.io-parser/-/engine.io-parser-1.0.6.tgz",
      "integrity": "sha512-ipbmiNj4OfAL9csof0FlI9L2jkU/lgcUphHjnTDo1KABsA21WtsVy/1OjhCj8xxhNIHtxEZ3/t7uB45gEMhD4g==",
      "dependencies": {
        "after": "0.8.1",
        "arraybuffer.slice": "0.0.6",
        "base64-arraybuffer": "0.1.2",
        "blob": "0.0.2",
        "utf8": "2.0.0"
      }
    },
    "node_modules/eyes": {
      "version": "0.1.8",
      "resolved": "https://registry.npmjs.org/eyes/-/eyes-0.1.8.tgz",
      "integrity": "sha512-GipyPsXO1anza0AOZdy69Im7hGFCNB7Y/NGjDlZGJ3GJJLtwNSb2vrzYrTYJRrRloVx7pl+bhUaTB8yiccPvFQ==",
      "engines": {
        "node": "> 0.1.90"
      }
    },
    "node_modules/forever-agent": {
      "version": "0.2.0",
      "resolved": "https://registry.npmjs.org/forever-agent/-/forever-agent-0.2.0.tgz",
      "integrity": "sha512-IasWSRIlfPnBZY1K9jEUK3PwsScR4mrcK+aNBJzGoPnW+S9b6f8I8ScyH4cehEOFNqnjGpP2gCaA22gqSV1xQA==",
      "engines": {
        "node": "*"
      }
    },
    "node_modules/form-data": {
      "version": "0.0.10",
      "resolved": "https://registry.npmjs.org/form-data/-/form-data-0.0.10.tgz",
      "integrity": "sha512-Z9/PpT/agxXi80nMpOH6GFD7XOr6mwk5aWMxDt/KMY+Nm7e4FnRMjddM4/mLPJhpmp6alY1F/1JQpRE6z07xng==",
      "dependencies": {
        "async": "~0.2.7",
        "combined-stream": "~0.0.4",
        "mime": "~1.2.2"
      },
      "engines": {
        "node": ">= 0.6"
      }
    },
    "node_modules/getenv": {
      "version": "0.3.0",
      "resolved": "https://registry.npmjs.org/getenv/-/getenv-0.3.0.tgz",
      "integrity": "sha512-E5JuanH2c71x2d24Pg9WpQMs0YpbiVPFBMNJtDC4M2VG+zPc3j3JvaoAD2dj9r/ERkw6Va19HBephneUyeENoQ==",
      "engines": {
        "node": "*"
      }
    },
    "node_modules/global": {
      "version": "2.0.1",
      "resolved": "https://github.com/component/global/archive/v2.0.1.tar.gz",
      "integrity": "sha512-O91OcV/NbdmQJPHaRu2ekSP7bqFRLWgqSwaJvqHPZHUwmHBagQYTOra29+LnzzG3lZkXH1ANzHzfCxtAPM9HMA==",
      "license": "MIT"
    },
    "node_modules/has-binary-data": {
      "version": "0.1.1",
      "resolved": "https://registry.npmjs.org/has-binary-data/-/has-binary-data-0.1.1.tgz",
      "integrity": "sha512-XqIrqIgPlA2gxvHKudDsLJt8Xu8B4DvkHyUWGmLWYOAO0rFOL94Ds4NSveSZ1fCjWX22tQgIiRpDKAETex8GCQ==",
      "dependencies": {
        "isarray": "0.0.1"
      }
    },
    "node_modules/has-cors": {
      "version": "1.0.3",
      "resolved": "https://registry.npmjs.org/has-cors/-/has-cors-1.0.3.tgz",
      "integrity": "sha512-Mxk1ba23PNtB3zPigreijApS3uuH9bhgZkqQtLQj7ydWHsGeb9uOtk4gsK6mZj4rYG6VNS/CT9G1XkYfgItpKg==",
      "dependencies": {
        "global": "https://github.com/component/global/archive/v2.0.1.tar.gz"
      }
    },
    "node_modules/hawk": {
      "version": "0.10.2",
      "resolved": "https://registry.npmjs.org/hawk/-/hawk-0.10.2.tgz",
      "integrity": "sha512-BjpmnZ95odv7KOIsydfNTAxfGOGaVc6xbYL4fozWl45PWjDqskix0LHAekmGkpnrCAI6+AZRvJIXNTAllj+e6w==",
      "deprecated": "This module moved to @hapi/hawk. Please make sure to switch over as this distribution is no longer supported and may contain bugs and critical security issues.",
      "dependencies": {
        "boom": "0.3.x",
        "cryptiles": "0.1.x",
        "hoek": "0.7.x",
        "sntp": "0.1.x"
      },
      "engines": {
        "node": "0.8.x"
      }
    },
    "node_modules/hoek": {
      "version": "0.7.6",
      "resolved": "https://registry.npmjs.org/hoek/-/hoek-0.7.6.tgz",
      "integrity": "sha512-z75muWk69yyjWn6nNzJP0pnfgcewtSTs7uBolGUA7kWNdCYZukzHn3sYqUirhXul7qp9WBUwNT/7ieJZNveJqg==",
      "deprecated": "This version has been deprecated in accordance with the hapi support policy (hapi.im/support). Please upgrade to the latest version to get the best features, bug fixes, and security patches. If you are unable to upgrade at this time, paid support is available for older versions (hapi.im/commercial).",
      "engines": {
        "node": "0.8.x"
      }
    },
    "node_modules/indexof": {
      "version": "0.0.1",
      "resolved": "https://registry.npmjs.org/indexof/-/indexof-0.0.1.tgz",
      "integrity": "sha512-i0G7hLJ1z0DE8dsqJa2rycj9dBmNKgXBvotXtZYXakU9oivfB9Uj2ZBC27qqef2U58/ZLwalxa1X/RDCdkHtVg=="
    },
    "node_modules/isarray": {
      "version": "0.0.1",
      "resolved": "https://registry.npmjs.org/isarray/-/isarray-0.0.1.tgz",
      "integrity": "sha512-D2S+3GLxWH+uhrNEcoh/fnmYeP8E8/zHl644d/jdA0g2uyXvy3sb0qxotE+ne0LtccHknQzWwZEzhak7oJ0COQ=="
    },
    "node_modules/json-stringify-safe": {
      "version": "3.0.0",
      "resolved": "https://registry.npmjs.org/json-stringify-safe/-/json-stringify-safe-3.0.0.tgz",
      "integrity": "sha512-VSSuxEAawKLYlCabQOR7YDijQ69zPqQBOriUuCgNhlAqtU7RPr41gPpaSs6WkEu+ZOtUequpXWbI51CS+Z/gMQ=="
    },
    "node_modules/json3": {
      "version": "3.2.6",
      "resolved": "https://registry.npmjs.org/json3/-/json3-3.2.6.tgz",
      "integrity": "sha512-KA+GHhYTLTo7Ri4DyjwUgW8kn98AYtVZtBC94qL5yD0ZSYct8/eF8qBmTNyk+gPE578bKeIL4WBq+MUyd1I26g==",
      "deprecated": "Please use the native JSON object instead of JSON 3"
    },
    "node_modules/mime": {
      "version": "1.2.11",
      "resolved": "https://registry.npmjs.org/mime/-/mime-1.2.11.tgz",
      "integrity": "sha512-Ysa2F/nqTNGHhhm9MV8ure4+Hc+Y8AWiqUdHxsO7xu8zc92ND9f3kpALHjaP026Ft17UfxrMt95c50PLUeynBw=="
    },
    "node_modules/nan": {
      "version": "0.3.2",
      "resolved": "https://registry.npmjs.org/nan/-/nan-0.3.2.tgz",
      "integrity": "sha512-V9/Pyy5Oelv6vVJP9X+dAzU3IO19j6YXrJnODHxP2h54hTvfFQGahdsQV6Ule/UukiEJk1SkQ/aUyWUm61RBQw=="
    },
    "node_modules/node-uuid": {
      "version": "1.4.8",
      "resolved": "https://registry.npmjs.org/node-uuid/-/node-uuid-1.4.8.tgz",
      "integrity": "sha512-TkCET/3rr9mUuRp+CpO7qfgT++aAxfDRaalQhwPFzI9BY/2rCDn6OfpZOVggi1AXfTPpfkTrg5f5WQx5G1uLxA==",
      "deprecated": "Use uuid module instead",
      "bin": {
        "uuid": "bin/uuid"
      }
    },
    "node_modules/oauth-sign": {
      "version": "0.2.0",
      "resolved": "https://registry.npmjs.org/oauth-sign/-/oauth-sign-0.2.0.tgz",
      "integrity": "sha512-4DtiD64CwPJ5vZ636j/KtM7DxWbX1KlkqwbqbEAxI3BCpBrQdrKOv8vC/36U6gfm1CVapy6QmcVxPnXPPQApTA==",
      "engines": {
        "node": "*"
      }
    },
    "node_modules/object-component": {
      "version": "0.0.3",
      "resolved": "https://registry.npmjs.org/object-component/-/object-component-0.0.3.tgz",
      "integrity": "sha512-S0sN3agnVh2SZNEIGc0N1X4Z5K0JeFbGBrnuZpsxuUh5XLF0BnvWkMjRXo/zGKLd/eghvNIKcx1pQkmUjXIyrA=="
    },
    "node_modules/options": {
      "version": "0.0.6",
      "resolved": "https://registry.npmjs.org/options/-/options-0.0.6.tgz",
      "integrity": "sha512-bOj3L1ypm++N+n7CEbbe473A414AB7z+amKYshRb//iuL3MpdDCLhPnw6aVTdKB9g5ZRVHIEp8eUln6L2NUStg==",
      "engines": {
        "node": ">=0.4.0"
      }
    },
    "node_modules/parsejson": {
      "version": "0.0.1",
      "resolved": "https://registry.npmjs.org/parsejson/-/parsejson-0.0.1.tgz",
      "integrity": "sha512-W9CRvTfYQY/kbRc5Q6YTWarb/QDxdEGbd6RCP8CLUQDJV89RVHoS2A0dZYNtAcq31fulGNN4ZhAhiQQazwlKJg==",
      "dependencies": {
        "better-assert": "~1.0.0"
      }
    },
    "node_modules/parseqs": {
      "version": "0.0.2",
      "resolved": "https://registry.npmjs.org/parseqs/-/parseqs-0.0.2.tgz",
      "integrity": "sha512-vyyyfQGUFZnDhgrrdn+hh1JuOfvbXU5oRr6dijfkSIbaFuxGgTSCA/RNVcsADmo0k2NX6wERVTMKkXokjuObJA==",
      "dependencies": {
        "better-assert": "~1.0.0"
      }
    },
    "node_modules/parseuri": {
      "version": "0.0.2",
      "resolved": "https://registry.npmjs.org/parseuri/-/parseuri-0.0.2.tgz",
      "integrity": "sha512-m0H+R0u5LXOx8sbxufnvgKrRLpkVpvtMf0AyWXYSqLwo2MWrVEgCIbgpaSVa398xl6wTLe0A7CGhiC4hBdEzHQ==",
      "dependencies": {
        "better-assert": "~1.0.0"
      }
    },
    "node_modules/pkginfo": {
      "version": "0.3.1",
      "resolved": "https://registry.npmjs.org/pkginfo/-/pkginfo-0.3.1.tgz",
      "integrity": "sha512-yO5feByMzAp96LtP58wvPKSbaKAi/1C4kV9XpTctr6EepnP6F33RBNOiVrdz9BrPA98U2BMFsTNHo44TWcbQ2A==",
      "engines": {
        "node": ">= 0.4.0"
      }
    },
    "node_modules/precond": {
      "version": "0.2.3",
      "resolved": "https://registry.npmjs.org/precond/-/precond-0.2.3.tgz",
      "integrity": "sha512-QCYG84SgGyGzqJ/vlMsxeXd/pgL/I94ixdNFyh1PusWmTCyVfPJjZ1K1jvHtsbfnXQs2TSkEP2fR7QiMZAnKFQ==",
      "engines": {
        "node": ">= 0.6"
      }
    },
    "node_modules/q": {
      "version": "0.9.7",
      "resolved": "https://registry.npmjs.org/q/-/q-0.9.7.tgz",
      "integrity": "sha512-ijt0LhxWClXBtc1RCt8H0WhlZLAdVX26nWbpsJy+Hblmp81d2F/pFsvlrJhJDDruFHM+ECtxP0H0HzGSrARkwg==",
      "engines": {
        "node": ">=0.6.0",
        "teleport": ">=0.2.0"
      }
    },
    "node_modules/qs": {
      "version": "0.5.6",
      "resolved": "https://registry.npmjs.org/qs/-/qs-0.5.6.tgz",
      "integrity": "sha512-KbOrQrP5Ye+0gmq+hwxoJwAFRwExACWqwxj1IDFFgqOw9Poxy3wwSbafd9ZqP6T6ykMfnxM573kt/a4i9ybatQ==",
      "engines": {
        "node": "*"
      }
    },
    "node_modules/request": {
      "version": "2.16.6",
      "resolved": "https://registry.npmjs.org/request/-/request-2.16.6.tgz",
      "integrity": "sha512-TfD4kMo40kwuOpO7GYfAZpb2wYdw7yvTIglPNgPPSmp2Fz6MKNvPLla40FQ/ypdhy6B2jRNz3VlCjPD6mnzsmA==",
      "deprecated": "request has been deprecated, see https://github.com/request/request/issues/3142",
      "engines": [
        "node >= 0.8.0"
      ],
      "dependencies": {
        "aws-sign": "~0.2.0",
        "cookie-jar": "~0.2.0",
        "forever-agent": "~0.2.0",
        "form-data": "~0.0.3",
        "hawk": "~0.10.2",
        "json-stringify-safe": "~3.0.0",
        "mime": "~1.2.7",
        "node-uuid": "~1.4.0",
        "oauth-sign": "~0.2.0",
        "qs": "~0.5.4",
        "tunnel-agent": "~0.2.0"
      }
    },
    "node_modules/restler": {
      "version": "2.0.1",
      "resolved": "https://registry.npmjs.org/restler/-/restler-2.0.1.tgz",
      "integrity": "sha512-j2gyQdGeFPKl8FRbFJ/XR7yCmL31pxD9l+zTcwZ2m7e8psU46X2lJ20GCsEFJD4rxtAaswzGJtKQhNLYFFtN0g==",
      "engines": {
        "node": ">= 0.6.x"
      }
    },
    "node_modules/sntp": {
      "version": "0.1.2",
      "resolved": "https://registry.npmjs.org/sntp/-/sntp-0.1.2.tgz",
      "integrity": "sha512-6fsOpJYQAQcO/UeW7T9mJwEenJymdU77o+gNiompGAammlSa+C49Oyt79ta/kgVbT13l4JAuKlo8FNvUnVjvEQ==",
      "deprecated": "This module moved to @hapi/sntp. Please make sure to switch over as this distribution is no longer supported and may contain bugs and critical security issues.",
      "dependencies": {
        "hoek": "0.4.x"
      },
      "engines": {
        "node": ">=0.8.0"
      }
    },
    "node_modules/sntp/node_modules/hoek": {
      "version": "0.4.2",
      "resolved": "https://registry.npmjs.org/hoek/-/hoek-0.4.2.tgz",
      "integrity": "sha512-Yj/N2TCrS0d8jvZgUpq9sDNt8/ABwTxPJW4+8QT0KXCMxOtRfUCUTEZEYyvMSgfDT3MGvwgO+NHfWPobagAIug==",
      "deprecated": "This version has been deprecated in accordance with the hapi support policy (hapi.im/support). Please upgrade to the latest version to get the best features, bug fixes, and security patches. If you are unable to upgrade at this time, paid support is available for older versions (hapi.im/commercial).",
      "engines": {
        "node": ">=0.8.0"
      }
    },
    "node_modules/socket.io-client": {
      "version": "1.0.6",
      "resolved": "https://registry.npmjs.org/socket.io-client/-/socket.io-client-1.0.6.tgz",
      "integrity": "sha512-itdtz6fQBTFIDBP4+hJox0OlT+SbCVdENjPgjMup3ehu7OsiG6t0FYBXCx+k/upt9lbeyp9BmUNNi5EfnGa5Vw==",
      "dependencies": {
        "component-bind": "1.0.0",
        "component-emitter": "1.1.2",
        "debug": "0.7.4",
        "engine.io-client": "1.3.1",
        "has-binary-data": "0.1.1",
        "indexof": "0.0.1",
        "object-component": "0.0.3",
        "parseuri": "0.0.2",
        "socket.io-parser": "2.2.0",
        "to-array": "0.1.3"
      }
    },
    "node_modules/socket.io-parser": {
      "version": "2.2.0",
      "resolved": "https://registry.npmjs.org/socket.io-parser/-/socket.io-parser-2.2.0.tgz",
      "integrity": "sha512-uW3UiLVibAyleKq8r/yZe1oPO51olhY18T6HtnN0iI6RLqJfYC0YiyAFlsPw1+8I0Z1qFd8jFLTRZo2vr6ISxA==",
      "dependencies": {
        "debug": "0.7.4",
        "emitter": "http://github.com/component/emitter/archive/1.0.1.tar.gz",
        "isarray": "0.0.1",
        "json3": "3.2.6"
      }
    },
    "node_modules/stack-trace": {
      "version": "0.0.10",
      "resolved": "https://registry.npmjs.org/stack-trace/-/stack-trace-0.0.10.tgz",
      "integrity": "sha512-KGzahc7puUKkzyMt+IqAep+TVNbKP+k2Lmwhub39m1AsTSkaDutx56aDCo+HLDzf/D26BIHTJWNiTG1KAJiQCg==",
      "engines": {
        "node": "*"
      }
    },
    "node_modules/tinycolor": {
      "version": "0.0.1",
      "resolved": "https://registry.npmjs.org/tinycolor/-/tinycolor-0.0.1.tgz",
      "integrity": "sha512-+CorETse1kl98xg0WAzii8DTT4ABF4R3nquhrkIbVGcw1T8JYs5Gfx9xEfGINPUZGDj9C4BmOtuKeaTtuuRolg==",
      "engines": {
        "node": ">=0.4.0"
      }
    },
    "node_modules/to-array": {
      "version": "0.1.3",
      "resolved": "https://registry.npmjs.org/to-array/-/to-array-0.1.3.tgz",
      "integrity": "sha512-JQk/QMS4oHyU2VufVeyjN25dcnZnr1PV1pa1oKSj7l5tVO9WrU62og3fYzB3mrgJZZgBxdrrA/v6iZzMDuyFYw=="
    },
    "node_modules/tunnel-agent": {
      "version": "0.2.0",
      "resolved": "https://registry.npmjs.org/tunnel-agent/-/tunnel-agent-0.2.0.tgz",
      "integrity": "sha512-PXy4q1PH88BK0pcGOEMXFAslyBuRWz1wxLfPXTlYFd41eyUgjOALaVGbWJN1ymjbnBzjWunVSKmrrMMh8oLaZA==",
      "engines": {
        "node": "*"
      }
    },
    "node_modules/underscore": {
      "version": "1.13.4",
      "resolved": "https://registry.npmjs.org/underscore/-/underscore-1.13.4.tgz",
      "integrity": "sha512-BQFnUDuAQ4Yf/cYY5LNrK9NCJFKriaRbD9uR1fTeXnBeoa97W0i41qkZfGO9pSo8I5KzjAcSY2XYtdf0oKd7KQ=="
    },
    "node_modules/utf8": {
      "version": "2.0.0",
      "resolved": "https://registry.npmjs.org/utf8/-/utf8-2.0.0.tgz",
      "integrity": "sha512-jWXHr+bQ8RsWazLzVY3V7XACPTbBHYSg/VoDVok+DBQk5ULm0AuBCNb9tGmjq2H+znnkBFwjhzzCbn9G3xlYcA=="
    },
    "node_modules/winston": {
      "version": "0.7.3",
      "resolved": "https://registry.npmjs.org/winston/-/winston-0.7.3.tgz",
      "integrity": "sha512-iVTT8tf9YnTyfZX+aEUj2fl6WBRet7za6vdjMeyF8SA80Vii2rreM5XH+5qmpBV9uJGj8jz8BozvTDcroVq/eA==",
      "dependencies": {
        "async": "0.2.x",
        "colors": "0.6.x",
        "cycle": "1.0.x",
        "eyes": "0.1.x",
        "pkginfo": "0.3.x",
        "request": "2.16.x",
        "stack-trace": "0.0.x"
      },
      "engines": {
        "node": ">= 0.6.0"
      }
    },
    "node_modules/ws": {
      "version": "0.4.31",
      "resolved": "https://registry.npmjs.org/ws/-/ws-0.4.31.tgz",
      "integrity": "sha512-mWiVQ9qZGPXvLxQ4xGy58Ix5Bw0L99SB+hDT8L59bty4fbnQczaGl4YEWR7AzLQGbvPn/30r9/o41dPiSuUmYw==",
      "hasInstallScript": true,
      "dependencies": {
        "commander": "~0.6.1",
        "nan": "~0.3.0",
        "options": ">=0.0.5",
        "tinycolor": "0.x"
      },
      "bin": {
        "wscat": "bin/wscat"
      },
      "engines": {
        "node": ">=0.4.0"
      }
    },
    "node_modules/xmlhttprequest": {
      "version": "1.5.0",
      "resolved": "https://github.com/LearnBoost/node-XMLHttpRequest/archive/0f36d0b5ebc03d85f860d42a64ae9791e1daa433.tar.gz",
      "integrity": "sha512-TVSZwoeUQ7OKhb8jnQdSxGFz+lm4MGWmhG0deeYg85VQT74x5LcSrKeXHE0ZIzEycgqQ5mF8r8e1AykA7TpNAQ==",
      "engines": {
        "node": ">=0.4.0"
      }
    }
  },
  "dependencies": {
    "after": {
      "version": "0.8.1",
      "resolved": "https://registry.npmjs.org/after/-/after-0.8.1.tgz",
      "integrity": "sha512-SuI3vWhCFeSmkmmJ3efyuOkrhGyp/AuHthh3F5DinGYh2kR9t/0xUlm3/Vn2qMScfgg+cKho5fW7TUEYUhYeiA=="
    },
    "arraybuffer.slice": {
      "version": "0.0.6",
      "resolved": "https://registry.npmjs.org/arraybuffer.slice/-/arraybuffer.slice-0.0.6.tgz",
      "integrity": "sha512-6ZjfQaBSy6CuIH0+B0NrxMfDE5VIOCP/5gOqSpEIsaAZx9/giszzrXg6PZ7G51U/n88UmlAgYLNQ9wAnII7PJA=="
    },
    "async": {
      "version": "0.2.10",
      "resolved": "https://registry.npmjs.org/async/-/async-0.2.10.tgz",
      "integrity": "sha512-eAkdoKxU6/LkKDBzLpT+t6Ff5EtfSF4wx1WfJiPEEV7WNLnDaRXk0oVysiEPm262roaachGexwUv94WhSgN5TQ=="
    },
    "aws-sign": {
      "version": "0.2.0",
      "resolved": "https://registry.npmjs.org/aws-sign/-/aws-sign-0.2.0.tgz",
      "integrity": "sha512-6P7/Ls5F6++DsKu7iacris7qq/AZSWaX+gT4dtSyUxM82ePxWxaP7Slo82ZO3ZTx6GSKxQHAQlmFvM8e+Dd8ZA=="
    },
    "backoff": {
      "version": "2.5.0",
      "resolved": "https://registry.npmjs.org/backoff/-/backoff-2.5.0.tgz",
      "integrity": "sha512-wC5ihrnUXmR2douXmXLCe5O3zg3GKIyvRi/hi58a/XyRxVI+3/yM0PYueQOZXPXQ9pxBislYkw+sF9b7C/RuMA==",
      "requires": {
        "precond": "0.2"
      }
    },
    "base64-arraybuffer": {
      "version": "0.1.2",
      "resolved": "https://registry.npmjs.org/base64-arraybuffer/-/base64-arraybuffer-0.1.2.tgz",
      "integrity": "sha512-ewBKKVVPIl78B26mYQHYlaxR7NydMiD/GxwLNIwTAfLIE4xhN2Gxcy30//azq5UrejXjzGpWjcBu3NUJxzMMzg=="
    },
    "better-assert": {
      "version": "1.0.2",
      "resolved": "https://registry.npmjs.org/better-assert/-/better-assert-1.0.2.tgz",
      "integrity": "sha512-bYeph2DFlpK1XmGs6fvlLRUN29QISM3GBuUwSFsMY2XRx4AvC0WNCS57j4c/xGrK2RS24C1w3YoBOsw9fT46tQ==",
      "requires": {
        "callsite": "1.0.0"
      }
    },
    "blob": {
      "version": "0.0.2",
      "resolved": "https://registry.npmjs.org/blob/-/blob-0.0.2.tgz",
      "integrity": "sha512-BoCcDt8zBGShn6DawAGQw37s9SSs+fEjiZWDzyB+841PbOogcR2X7LGlM4sR3Zsiq/zoyl8MFWDfN6oDSlveBQ=="
    },
    "boom": {
      "version": "0.3.1",
      "resolved": "https://registry.npmjs.org/boom/-/boom-0.3.1.tgz",
      "integrity": "sha512-xWrlXnkK46TjEW7HU5G39AXWuG5aiHz3++zk3bBzF4mfnVCkpcYbwsnLUqMmfZNgPEYS/AI8MH+vmJxH5Kz0PA==",
      "requires": {
        "hoek": "0.4.x"
      },
      "dependencies": {
        "hoek": {
          "version": "0.4.2",
          "resolved": "https://registry.npmjs.org/hoek/-/hoek-0.4.2.tgz",
          "integrity": "sha512-Yj/N2TCrS0d8jvZgUpq9sDNt8/ABwTxPJW4+8QT0KXCMxOtRfUCUTEZEYyvMSgfDT3MGvwgO+NHfWPobagAIug=="
        }
      }
    },
    "callsite": {
      "version": "1.0.0",
      "resolved": "https://registry.npmjs.org/callsite/-/callsite-1.0.0.tgz",
      "integrity": "sha512-0vdNRFXn5q+dtOqjfFtmtlI9N2eVZ7LMyEV2iKC5mEEFvSg/69Ml6b/WU2qF8W1nLRa0wiSrDT3Y5jOHZCwKPQ=="
    },
    "client": {
      "version": "0.0.1",
      "resolved": "https://registry.npmjs.org/client/-/client-0.0.1.tgz",
      "integrity": "sha512-XjoueeoiUNMrH0BGD/joA1RNxhzw5aGhRo15MmdPDV6RWCcUeKRBXrcH1qJNTepOxDwLAZbyLy0Owvw3V9jYxg==",
      "requires": {
        "backoff": "^2.4.0",
        "cookie": "^0.1.2",
        "getenv": "~0.3.0",
        "q": "~0.9.7",
        "restler": "~2.0.1",
        "socket.io-client": "~1.0.6",
        "underscore": "^1.6.0",
        "winston": "^0.7.3"
      }
    },
    "colors": {
      "version": "0.6.2",
      "resolved": "https://registry.npmjs.org/colors/-/colors-0.6.2.tgz",
      "integrity": "sha512-OsSVtHK8Ir8r3+Fxw/b4jS1ZLPXkV6ZxDRJQzeD7qo0SqMXWrHDM71DgYzPMHY8SFJ0Ao+nNU2p1MmwdzKqPrw=="
    },
    "combined-stream": {
      "version": "0.0.7",
      "resolved": "https://registry.npmjs.org/combined-stream/-/combined-stream-0.0.7.tgz",
      "integrity": "sha512-qfexlmLp9MyrkajQVyjEDb0Vj+KhRgR/rxLiVhaihlT+ZkX0lReqtH6Ack40CvMDERR4b5eFp3CreskpBs1Pig==",
      "requires": {
        "delayed-stream": "0.0.5"
      }
    },
    "commander": {
      "version": "0.6.1",
      "resolved": "https://registry.npmjs.org/commander/-/commander-0.6.1.tgz",
      "integrity": "sha512-0fLycpl1UMTGX257hRsu/arL/cUbcvQM4zMKwvLvzXtfdezIV4yotPS2dYtknF+NmEfWSoCEF6+hj9XLm/6hEw=="
    },
    "component-bind": {
      "version": "1.0.0",
      "resolved": "https://registry.npmjs.org/component-bind/-/component-bind-1.0.0.tgz",
      "integrity": "sha512-WZveuKPeKAG9qY+FkYDeADzdHyTYdIboXS59ixDeRJL5ZhxpqUnxSOwop4FQjMsiYm3/Or8cegVbpAHNA7pHxw=="
    },
    "component-emitter": {
      "version": "1.1.2",
      "resolved": "https://registry.npmjs.org/component-emitter/-/component-emitter-1.1.2.tgz",
      "integrity": "sha512-YhIbp3PJiznERfjlIkK0ue4obZxt2S60+0W8z24ZymOHT8sHloOqWOqZRU2eN5OlY8U08VFsP02letcu26FilA=="
    },
    "component-inherit": {
      "version": "0.0.3",
      "resolved": "https://registry.npmjs.org/component-inherit/-/component-inherit-0.0.3.tgz",
      "integrity": "sha512-w+LhYREhatpVqTESyGFg3NlP6Iu0kEKUHETY9GoZP/pQyW4mHFZuFWRUCIqVPZ36ueVLtoOEZaAqbCF2RDndaA=="
    },
    "cookie": {
      "version": "0.1.5",
      "resolved": "https://registry.npmjs.org/cookie/-/cookie-0.1.5.tgz",
      "integrity": "sha512-/lhu+NGBI5pOLXILS07DrPXYX0QDD/ejVhbwoCUcLPBqMEK9b++f9rUhAlhLkcTz9mV6QSeD+w3cHJ96rMZaFQ=="
    },
    "cookie-jar": {
      "version": "0.2.0",
      "resolved": "https://registry.npmjs.org/cookie-jar/-/cookie-jar-0.2.0.tgz",
      "integrity": "sha512-yImk9AY90xjoUsN2fWHoIhVgveXqiZv7LDqUTZEzVBHyzfay8AjcJITUZpz2fTYLh6rnP+7GogiuRCo/5j2epg=="
    },
    "cryptiles": {
      "version": "0.1.0",
      "resolved": "https://registry.npmjs.org/cryptiles/-/cryptiles-0.1.0.tgz",
      "integrity": "sha512-WiOGszxSaVHd8T4hlu5Xcqs2uUYxbvotBP171ag2pLPKSwSKeTJYnzd98/YWV3jQYk/rpMHa3r01cQfN8SZrHQ==",
      "requires": {
        "boom": "0.3.x"
      }
    },
    "cycle": {
      "version": "1.0.3",
      "resolved": "https://registry.npmjs.org/cycle/-/cycle-1.0.3.tgz",
      "integrity": "sha512-TVF6svNzeQCOpjCqsy0/CSy8VgObG3wXusJ73xW2GbG5rGx7lC8zxDSURicsXI2UsGdi2L0QNRCi745/wUDvsA=="
    },
    "debug": {
      "version": "0.7.4",
      "resolved": "https://registry.npmjs.org/debug/-/debug-0.7.4.tgz",
      "integrity": "sha512-EohAb3+DSHSGx8carOSKJe8G0ayV5/i609OD0J2orCkuyae7SyZSz2aoLmQF2s0Pj5gITDebwPH7GFBlqOUQ1Q=="
    },
    "delayed-stream": {
      "version": "0.0.5",
      "resolved": "https://registry.npmjs.org/delayed-stream/-/delayed-stream-0.0.5.tgz",
      "integrity": "sha512-v+7uBd1pqe5YtgPacIIbZ8HuHeLFVNe4mUEyFDXL6KiqzEykjbw+5mXZXpGFgNVasdL4jWKgaKIXrEHiynN1LA=="
    },
    "emitter": {
      "version": "http://github.com/component/emitter/archive/1.0.1.tar.gz",
      "integrity": "sha512-k3Da+QreMb9waaGCHNAHox5QqxnZEYlQmvIVYwQibrI6OpIRyIIyFGgDV5dXRLr1AJ32JLqEh0VxQEq20dFskw==",
      "requires": {
        "indexof": "0.0.1"
      }
    },
    "engine.io-client": {
      "version": "1.3.1",
      "resolved": "https://registry.npmjs.org/engine.io-client/-/engine.io-client-1.3.1.tgz",
      "integrity": "sha512-bTOZMqAe7HXhyA/2T7Fve04b/ZZruTHSOqa+yn8U4RFSyRAVPePjopOgJOUNciEfuXo1gx850P5LzaQU28/p3w==",
      "requires": {
        "component-emitter": "1.1.2",
        "component-inherit": "0.0.3",
        "debug": "0.7.4",
        "engine.io-parser": "1.0.6",
        "has-cors": "1.0.3",
        "indexof": "0.0.1",
        "parsejson": "0.0.1",
        "parseqs": "0.0.2",
        "parseuri": "0.0.2",
        "ws": "0.4.31",
        "xmlhttprequest": "https://github.com/LearnBoost/node-XMLHttpRequest/archive/0f36d0b5ebc03d85f860d42a64ae9791e1daa433.tar.gz"
      }
    },
    "engine.io-parser": {
      "version": "1.0.6",
      "resolved": "https://registry.npmjs.org/engine.io-parser/-/engine.io-parser-1.0.6.tgz",
      "integrity": "sha512-ipbmiNj4OfAL9csof0FlI9L2jkU/lgcUphHjnTDo1KABsA21WtsVy/1OjhCj8xxhNIHtxEZ3/t7uB45gEMhD4g==",
      "requires": {
        "after": "0.8.1",
        "arraybuffer.slice": "0.0.6",
        "base64-arraybuffer": "0.1.2",
        "blob": "0.0.2",
        "utf8": "2.0.0"
      }
    },
    "eyes": {
      "version": "0.1.8",
      "resolved": "https://registry.npmjs.org/eyes/-/eyes-0.1.8.tgz",
      "integrity": "sha512-GipyPsXO1anza0AOZdy69Im7hGFCNB7Y/NGjDlZGJ3GJJLtwNSb2vrzYrTYJRrRloVx7pl+bhUaTB8yiccPvFQ=="
    },
    "forever-agent": {
      "version": "0.2.0",
      "resolved": "https://registry.npmjs.org/forever-agent/-/forever-agent-0.2.0.tgz",
      "integrity": "sha512-IasWSRIlfPnBZY1K9jEUK3PwsScR4mrcK+aNBJzGoPnW+S9b6f8I8ScyH4cehEOFNqnjGpP2gCaA22gqSV1xQA=="
    },
    "form-data": {
      "version": "0.0.10",
      "resolved": "https://registry.npmjs.org/form-data/-/form-data-0.0.10.tgz",
      "integrity": "sha512-Z9/PpT/agxXi80nMpOH6GFD7XOr6mwk5aWMxDt/KMY+Nm7e4FnRMjddM4/mLPJhpmp6alY1F/1JQpRE6z07xng==",
      "requires": {
        "async": "~0.2.7",
        "combined-stream": "~0.0.4",
        "mime": "~1.2.2"
      }
    },
    "getenv": {
      "version": "0.3.0",
      "resolved": "https://registry.npmjs.org/getenv/-/getenv-0.3.0.tgz",
      "integrity": "sha512-E5JuanH2c71x2d24Pg9WpQMs0YpbiVPFBMNJtDC4M2VG+zPc3j3JvaoAD2dj9r/ERkw6Va19HBephneUyeENoQ=="
    },
    "global": {
      "version": "https://github.com/component/global/archive/v2.0.1.tar.gz",
      "integrity": "sha512-O91OcV/NbdmQJPHaRu2ekSP7bqFRLWgqSwaJvqHPZHUwmHBagQYTOra29+LnzzG3lZkXH1ANzHzfCxtAPM9HMA=="
    },
    "has-binary-data": {
      "version": "0.1.1",
      "resolved": "https://registry.npmjs.org/has-binary-data/-/has-binary-data-0.1.1.tgz",
      "integrity": "sha512-XqIrqIgPlA2gxvHKudDsLJt8Xu8B4DvkHyUWGmLWYOAO0rFOL94Ds4NSveSZ1fCjWX22tQgIiRpDKAETex8GCQ==",
      "requires": {
        "isarray": "0.0.1"
      }
    },
    "has-cors": {
      "version": "1.0.3",
      "resolved": "https://registry.npmjs.org/has-cors/-/has-cors-1.0.3.tgz",
      "integrity": "sha512-Mxk1ba23PNtB3zPigreijApS3uuH9bhgZkqQtLQj7ydWHsGeb9uOtk4gsK6mZj4rYG6VNS/CT9G1XkYfgItpKg==",
      "requires": {
        "global": "https://github.com/component/global/archive/v2.0.1.tar.gz"
      }
    },
    "hawk": {
      "version": "0.10.2",
      "resolved": "https://registry.npmjs.org/hawk/-/hawk-0.10.2.tgz",
      "integrity": "sha512-BjpmnZ95odv7KOIsydfNTAxfGOGaVc6xbYL4fozWl45PWjDqskix0LHAekmGkpnrCAI6+AZRvJIXNTAllj+e6w==",
      "requires": {
        "boom": "0.3.x",
        "cryptiles": "0.1.x",
        "hoek": "0.7.x",
        "sntp": "0.1.x"
      }
    },
    "hoek": {
      "version": "0.7.6",
      "resolved": "https://registry.npmjs.org/hoek/-/hoek-0.7.6.tgz",
      "integrity": "sha512-z75muWk69yyjWn6nNzJP0pnfgcewtSTs7uBolGUA7kWNdCYZukzHn3sYqUirhXul7qp9WBUwNT/7ieJZNveJqg=="
    },
    "indexof": {
      "version": "0.0.1",
      "resolved": "https://registry.npmjs.org/indexof/-/indexof-0.0.1.tgz",
      "integrity": "sha512-i0G7hLJ1z0DE8dsqJa2rycj9dBmNKgXBvotXtZYXakU9oivfB9Uj2ZBC27qqef2U58/ZLwalxa1X/RDCdkHtVg=="
    },
    "isarray": {
      "version": "0.0.1",
      "resolved": "https://registry.npmjs.org/isarray/-/isarray-0.0.1.tgz",
      "integrity": "sha512-D2S+3GLxWH+uhrNEcoh/fnmYeP8E8/zHl644d/jdA0g2uyXvy3sb0qxotE+ne0LtccHknQzWwZEzhak7oJ0COQ=="
    },
    "json-stringify-safe": {
      "version": "3.0.0",
      "resolved": "https://registry.npmjs.org/json-stringify-safe/-/json-stringify-safe-3.0.0.tgz",
      "integrity": "sha512-VSSuxEAawKLYlCabQOR7YDijQ69zPqQBOriUuCgNhlAqtU7RPr41gPpaSs6WkEu+ZOtUequpXWbI51CS+Z/gMQ=="
    },
    "json3": {
      "version": "3.2.6",
      "resolved": "https://registry.npmjs.org/json3/-/json3-3.2.6.tgz",
      "integrity": "sha512-KA+GHhYTLTo7Ri4DyjwUgW8kn98AYtVZtBC94qL5yD0ZSYct8/eF8qBmTNyk+gPE578bKeIL4WBq+MUyd1I26g=="
    },
    "mime": {
      "version": "1.2.11",
      "resolved": "https://registry.npmjs.org/mime/-/mime-1.2.11.tgz",
      "integrity": "sha512-Ysa2F/nqTNGHhhm9MV8ure4+Hc+Y8AWiqUdHxsO7xu8zc92ND9f3kpALHjaP026Ft17UfxrMt95c50PLUeynBw=="
    },
    "nan": {
      "version": "0.3.2",
      "resolved": "https://registry.npmjs.org/nan/-/nan-0.3.2.tgz",
      "integrity": "sha512-V9/Pyy5Oelv6vVJP9X+dAzU3IO19j6YXrJnODHxP2h54hTvfFQGahdsQV6Ule/UukiEJk1SkQ/aUyWUm61RBQw=="
    },
    "node-uuid": {
      "version": "1.4.8",
      "resolved": "https://registry.npmjs.org/node-uuid/-/node-uuid-1.4.8.tgz",
      "integrity": "sha512-TkCET/3rr9mUuRp+CpO7qfgT++aAxfDRaalQhwPFzI9BY/2rCDn6OfpZOVggi1AXfTPpfkTrg5f5WQx5G1uLxA=="
    },
    "oauth-sign": {
      "version": "0.2.0",
      "resolved": "https://registry.npmjs.org/oauth-sign/-/oauth-sign-0.2.0.tgz",
      "integrity": "sha512-4DtiD64CwPJ5vZ636j/KtM7DxWbX1KlkqwbqbEAxI3BCpBrQdrKOv8vC/36U6gfm1CVapy6QmcVxPnXPPQApTA=="
    },
    "object-component": {
      "version": "0.0.3",
      "resolved": "https://registry.npmjs.org/object-component/-/object-component-0.0.3.tgz",
      "integrity": "sha512-S0sN3agnVh2SZNEIGc0N1X4Z5K0JeFbGBrnuZpsxuUh5XLF0BnvWkMjRXo/zGKLd/eghvNIKcx1pQkmUjXIyrA=="
    },
    "options": {
      "version": "0.0.6",
      "resolved": "https://registry.npmjs.org/options/-/options-0.0.6.tgz",
      "integrity": "sha512-bOj3L1ypm++N+n7CEbbe473A414AB7z+amKYshRb//iuL3MpdDCLhPnw6aVTdKB9g5ZRVHIEp8eUln6L2NUStg=="
    },
    "parsejson": {
      "version": "0.0.1",
      "resolved": "https://registry.npmjs.org/parsejson/-/parsejson-0.0.1.tgz",
      "integrity": "sha512-W9CRvTfYQY/kbRc5Q6YTWarb/QDxdEGbd6RCP8CLUQDJV89RVHoS2A0dZYNtAcq31fulGNN4ZhAhiQQazwlKJg==",
      "requires": {
        "better-assert": "~1.0.0"
      }
    },
    "parseqs": {
      "version": "0.0.2",
      "resolved": "https://registry.npmjs.org/parseqs/-/parseqs-0.0.2.tgz",
      "integrity": "sha512-vyyyfQGUFZnDhgrrdn+hh1JuOfvbXU5oRr6dijfkSIbaFuxGgTSCA/RNVcsADmo0k2NX6wERVTMKkXokjuObJA==",
      "requires": {
        "better-assert": "~1.0.0"
      }
    },
    "parseuri": {
      "version": "0.0.2",
      "resolved": "https://registry.npmjs.org/parseuri/-/parseuri-0.0.2.tgz",
      "integrity": "sha512-m0H+R0u5LXOx8sbxufnvgKrRLpkVpvtMf0AyWXYSqLwo2MWrVEgCIbgpaSVa398xl6wTLe0A7CGhiC4hBdEzHQ==",
      "requires": {
        "better-assert": "~1.0.0"
      }
    },
    "pkginfo": {
      "version": "0.3.1",
      "resolved": "https://registry.npmjs.org/pkginfo/-/pkginfo-0.3.1.tgz",
      "integrity": "sha512-yO5feByMzAp96LtP58wvPKSbaKAi/1C4kV9XpTctr6EepnP6F33RBNOiVrdz9BrPA98U2BMFsTNHo44TWcbQ2A=="
    },
    "precond": {
      "version": "0.2.3",
      "resolved": "https://registry.npmjs.org/precond/-/precond-0.2.3.tgz",
      "integrity": "sha512-QCYG84SgGyGzqJ/vlMsxeXd/pgL/I94ixdNFyh1PusWmTCyVfPJjZ1K1jvHtsbfnXQs2TSkEP2fR7QiMZAnKFQ=="
    },
    "q": {
      "version": "0.9.7",
      "resolved": "https://registry.npmjs.org/q/-/q-0.9.7.tgz",
      "integrity": "sha512-ijt0LhxWClXBtc1RCt8H0WhlZLAdVX26nWbpsJy+Hblmp81d2F/pFsvlrJhJDDruFHM+ECtxP0H0HzGSrARkwg=="
    },
    "qs": {
      "version": "0.5.6",
      "resolved": "https://registry.npmjs.org/qs/-/qs-0.5.6.tgz",
      "integrity": "sha512-KbOrQrP5Ye+0gmq+hwxoJwAFRwExACWqwxj1IDFFgqOw9Poxy3wwSbafd9ZqP6T6ykMfnxM573kt/a4i9ybatQ=="
    },
    "request": {
      "version": "2.16.6",
      "resolved": "https://registry.npmjs.org/request/-/request-2.16.6.tgz",
      "integrity": "sha512-TfD4kMo40kwuOpO7GYfAZpb2wYdw7yvTIglPNgPPSmp2Fz6MKNvPLla40FQ/ypdhy6B2jRNz3VlCjPD6mnzsmA==",
      "requires": {
        "aws-sign": "~0.2.0",
        "cookie-jar": "~0.2.0",
        "forever-agent": "~0.2.0",
        "form-data": "~0.0.3",
        "hawk": "~0.10.2",
        "json-stringify-safe": "~3.0.0",
        "mime": "~1.2.7",
        "node-uuid": "~1.4.0",
        "oauth-sign": "~0.2.0",
        "qs": "~0.5.4",
        "tunnel-agent": "~0.2.0"
      }
    },
    "restler": {
      "version": "2.0.1",
      "resolved": "https://registry.npmjs.org/restler/-/restler-2.0.1.tgz",
      "integrity": "sha512-j2gyQdGeFPKl8FRbFJ/XR7yCmL31pxD9l+zTcwZ2m7e8psU46X2lJ20GCsEFJD4rxtAaswzGJtKQhNLYFFtN0g=="
    },
    "sntp": {
      "version": "0.1.2",
      "resolved": "https://registry.npmjs.org/sntp/-/sntp-0.1.2.tgz",
      "integrity": "sha512-6fsOpJYQAQcO/UeW7T9mJwEenJymdU77o+gNiompGAammlSa+C49Oyt79ta/kgVbT13l4JAuKlo8FNvUnVjvEQ==",
      "requires": {
        "hoek": "0.4.x"
      },
      "dependencies": {
        "hoek": {
          "version": "0.4.2",
          "resolved": "https://registry.npmjs.org/hoek/-/hoek-0.4.2.tgz",
          "integrity": "sha512-Yj/N2TCrS0d8jvZgUpq9sDNt8/ABwTxPJW4+8QT0KXCMxOtRfUCUTEZEYyvMSgfDT3MGvwgO+NHfWPobagAIug=="
        }
      }
    },
    "socket.io-client": {
      "version": "1.0.6",
      "resolved": "https://registry.npmjs.org/socket.io-client/-/socket.io-client-1.0.6.tgz",
      "integrity": "sha512-itdtz6fQBTFIDBP4+hJox0OlT+SbCVdENjPgjMup3ehu7OsiG6t0FYBXCx+k/upt9lbeyp9BmUNNi5EfnGa5Vw==",
      "requires": {
        "component-bind": "1.0.0",
        "component-emitter": "1.1.2",
        "debug": "0.7.4",
        "engine.io-client": "1.3.1",
        "has-binary-data": "0.1.1",
        "indexof": "0.0.1",
        "object-component": "0.0.3",
        "parseuri": "0.0.2",
        "socket.io-parser": "2.2.0",
        "to-array": "0.1.3"
      }
    },
    "socket.io-parser": {
      "version": "2.2.0",
      "resolved": "https://registry.npmjs.org/socket.io-parser/-/socket.io-parser-2.2.0.tgz",
      "integrity": "sha512-uW3UiLVibAyleKq8r/yZe1oPO51olhY18T6HtnN0iI6RLqJfYC0YiyAFlsPw1+8I0Z1qFd8jFLTRZo2vr6ISxA==",
      "requires": {
        "debug": "0.7.4",
        "emitter": "http://github.com/component/emitter/archive/1.0.1.tar.gz",
        "isarray": "0.0.1",
        "json3": "3.2.6"
      }
    },
    "stack-trace": {
      "version": "0.0.10",
      "resolved": "https://registry.npmjs.org/stack-trace/-/stack-trace-0.0.10.tgz",
      "integrity": "sha512-KGzahc7puUKkzyMt+IqAep+TVNbKP+k2Lmwhub39m1AsTSkaDutx56aDCo+HLDzf/D26BIHTJWNiTG1KAJiQCg=="
    },
    "tinycolor": {
      "version": "0.0.1",
      "resolved": "https://registry.npmjs.org/tinycolor/-/tinycolor-0.0.1.tgz",
      "integrity": "sha512-+CorETse1kl98xg0WAzii8DTT4ABF4R3nquhrkIbVGcw1T8JYs5Gfx9xEfGINPUZGDj9C4BmOtuKeaTtuuRolg=="
    },
    "to-array": {
      "version": "0.1.3",
      "resolved": "https://registry.npmjs.org/to-array/-/to-array-0.1.3.tgz",
      "integrity": "sha512-JQk/QMS4oHyU2VufVeyjN25dcnZnr1PV1pa1oKSj7l5tVO9WrU62og3fYzB3mrgJZZgBxdrrA/v6iZzMDuyFYw=="
    },
    "tunnel-agent": {
      "version": "0.2.0",
      "resolved": "https://registry.npmjs.org/tunnel-agent/-/tunnel-agent-0.2.0.tgz",
      "integrity": "sha512-PXy4q1PH88BK0pcGOEMXFAslyBuRWz1wxLfPXTlYFd41eyUgjOALaVGbWJN1ymjbnBzjWunVSKmrrMMh8oLaZA=="
    },
    "underscore": {
      "version": "1.13.4",
      "resolved": "https://registry.npmjs.org/underscore/-/underscore-1.13.4.tgz",
      "integrity": "sha512-BQFnUDuAQ4Yf/cYY5LNrK9NCJFKriaRbD9uR1fTeXnBeoa97W0i41qkZfGO9pSo8I5KzjAcSY2XYtdf0oKd7KQ=="
    },
    "utf8": {
      "version": "2.0.0",
      "resolved": "https://registry.npmjs.org/utf8/-/utf8-2.0.0.tgz",
      "integrity": "sha512-jWXHr+bQ8RsWazLzVY3V7XACPTbBHYSg/VoDVok+DBQk5ULm0AuBCNb9tGmjq2H+znnkBFwjhzzCbn9G3xlYcA=="
    },
    "winston": {
      "version": "0.7.3",
      "resolved": "https://registry.npmjs.org/winston/-/winston-0.7.3.tgz",
      "integrity": "sha512-iVTT8tf9YnTyfZX+aEUj2fl6WBRet7za6vdjMeyF8SA80Vii2rreM5XH+5qmpBV9uJGj8jz8BozvTDcroVq/eA==",
      "requires": {
        "async": "0.2.x",
        "colors": "0.6.x",
        "cycle": "1.0.x",
        "eyes": "0.1.x",
        "pkginfo": "0.3.x",
        "request": "2.16.x",
        "stack-trace": "0.0.x"
      }
    },
    "ws": {
      "version": "0.4.31",
      "resolved": "https://registry.npmjs.org/ws/-/ws-0.4.31.tgz",
      "integrity": "sha512-mWiVQ9qZGPXvLxQ4xGy58Ix5Bw0L99SB+hDT8L59bty4fbnQczaGl4YEWR7AzLQGbvPn/30r9/o41dPiSuUmYw==",
      "requires": {
        "commander": "~0.6.1",
        "nan": "~0.3.0",
        "options": ">=0.0.5",
        "tinycolor": "0.x"
      }
    },
    "xmlhttprequest": {
      "version": "https://github.com/LearnBoost/node-XMLHttpRequest/archive/0f36d0b5ebc03d85f860d42a64ae9791e1daa433.tar.gz",
      "integrity": "sha512-TVSZwoeUQ7OKhb8jnQdSxGFz+lm4MGWmhG0deeYg85VQT74x5LcSrKeXHE0ZIzEycgqQ5mF8r8e1AykA7TpNAQ=="
    }
  }
}
